schema: '2.0'
stages:
  model:
    cmd: python /content/ML-using-dvc/scripts/model.py
    deps:
    - path: scripts/model.py
      md5: f57316a46dd6235c0243877a43bba2c5
      size: 3263
    - path: test_dir.pkl
      md5: f2f8e384eea95c6759014137838b2ba4
      size: 115
    - path: train_dir.pkl
      md5: 9a38594ec0c37c768ea2b76f9636d4e6
      size: 119
    params:
      params.yaml:
        model:
          batch_size: 32
          seed: 42
        train_and_eval:
          learning_rate: 0.001
          epochs: 5
          seed: 42
    outs:
    - path: model.pt
      md5: 1b83d0d2c4ece28c110def48956b5e22
      size: 9154709
    - path: test_data_loader.pkl
      md5: aef4228544806d4e4d95fa120f3b74b6
      size: 177461
    - path: train_data_loader.pkl
      md5: 557cfc084097b41f729272a1834facc5
      size: 177495
  train_and_eval:
    cmd: python /content/ML-using-dvc/scripts/train_and_eval.py
    deps:
    - path: model.pt
      md5: 1b83d0d2c4ece28c110def48956b5e22
      size: 9154709
    - path: scripts/train_and_eval.py
      md5: 24956d1ec417e232ef3a58a97fe71808
      size: 7784
    - path: test_data_loader.pkl
      md5: aef4228544806d4e4d95fa120f3b74b6
      size: 177461
    - path: train_data_loader.pkl
      md5: 557cfc084097b41f729272a1834facc5
      size: 177495
    params:
      params.yaml:
        model:
          batch_size: 32
          seed: 42
        train_and_eval:
          learning_rate: 0.001
          epochs: 5
          seed: 42
    outs:
    - path: metrics.json
      md5: 01cc4510b288a74aa8826a25687097b3
      size: 300
    - path: results.csv
      md5: f57175bf87e8878f855562dd114acee8
      size: 453
